// !$*UTF8*$!
{
	archiveVersion = 1;
	classes = {
	};
	objectVersion = 55;
	objects = {

/* Begin PBXBuildFile section */
		A7A5435A289DB7B900DDCC53 /* HomeCollectionViewCell.swift in Sources */ = {isa = PBXBuildFile; fileRef = A7A54359289DB7B900DDCC53 /* HomeCollectionViewCell.swift */; };
		A7F32B2B289C225900EC3034 /* Anchor.swift in Sources */ = {isa = PBXBuildFile; fileRef = A7F32B2A289C225900EC3034 /* Anchor.swift */; };
		A7F32B4D289C40FD00EC3034 /* HomeControllerTableViewHeader.swift in Sources */ = {isa = PBXBuildFile; fileRef = A7F32B4C289C40FD00EC3034 /* HomeControllerTableViewHeader.swift */; };
		A7F32B4F289D76ED00EC3034 /* APICaller.swift in Sources */ = {isa = PBXBuildFile; fileRef = A7F32B4E289D76ED00EC3034 /* APICaller.swift */; };
		A7F32B51289D777400EC3034 /* News.swift in Sources */ = {isa = PBXBuildFile; fileRef = A7F32B50289D777400EC3034 /* News.swift */; };
		A7F32B53289D7ADC00EC3034 /* Error.swift in Sources */ = {isa = PBXBuildFile; fileRef = A7F32B52289D7ADC00EC3034 /* Error.swift */; };
		A7F32B55289D93A200EC3034 /* NewsTableViewCell.swift in Sources */ = {isa = PBXBuildFile; fileRef = A7F32B54289D93A200EC3034 /* NewsTableViewCell.swift */; };
		A7F32B57289DAC4600EC3034 /* HomeTableSectionHeaderView.swift in Sources */ = {isa = PBXBuildFile; fileRef = A7F32B56289DAC4600EC3034 /* HomeTableSectionHeaderView.swift */; };
		A7F3A47F289C0EA3000FF16B /* AppDelegate.swift in Sources */ = {isa = PBXBuildFile; fileRef = A7F3A47E289C0EA3000FF16B /* AppDelegate.swift */; };
		A7F3A481289C0EA3000FF16B /* SceneDelegate.swift in Sources */ = {isa = PBXBuildFile; fileRef = A7F3A480289C0EA3000FF16B /* SceneDelegate.swift */; };
		A7F3A488289C0EA4000FF16B /* Assets.xcassets in Resources */ = {isa = PBXBuildFile; fileRef = A7F3A487289C0EA4000FF16B /* Assets.xcassets */; };
		A7F3A48B289C0EA4000FF16B /* LaunchScreen.storyboard in Resources */ = {isa = PBXBuildFile; fileRef = A7F3A489289C0EA4000FF16B /* LaunchScreen.storyboard */; };
		A7F3A49C289C0F85000FF16B /* MainTabBarController.swift in Sources */ = {isa = PBXBuildFile; fileRef = A7F3A49B289C0F85000FF16B /* MainTabBarController.swift */; };
		A7F3A49F289C1CC8000FF16B /* HomeController.swift in Sources */ = {isa = PBXBuildFile; fileRef = A7F3A49E289C1CC8000FF16B /* HomeController.swift */; };
		A7F3A4A1289C1CCF000FF16B /* ExploreController.swift in Sources */ = {isa = PBXBuildFile; fileRef = A7F3A4A0289C1CCF000FF16B /* ExploreController.swift */; };
		A7F3A4A3289C1CD7000FF16B /* BookmarkController.swift in Sources */ = {isa = PBXBuildFile; fileRef = A7F3A4A2289C1CD7000FF16B /* BookmarkController.swift */; };
/* End PBXBuildFile section */

/* Begin PBXFileReference section */
		A7A54359289DB7B900DDCC53 /* HomeCollectionViewCell.swift */ = {isa = PBXFileReference; lastKnownFileType = sourcecode.swift; path = HomeCollectionViewCell.swift; sourceTree = "<group>"; };
		A7F32B2A289C225900EC3034 /* Anchor.swift */ = {isa = PBXFileReference; lastKnownFileType = sourcecode.swift; path = Anchor.swift; sourceTree = "<group>"; };
		A7F32B4C289C40FD00EC3034 /* HomeControllerTableViewHeader.swift */ = {isa = PBXFileReference; lastKnownFileType = sourcecode.swift; path = HomeControllerTableViewHeader.swift; sourceTree = "<group>"; };
		A7F32B4E289D76ED00EC3034 /* APICaller.swift */ = {isa = PBXFileReference; lastKnownFileType = sourcecode.swift; path = APICaller.swift; sourceTree = "<group>"; };
		A7F32B50289D777400EC3034 /* News.swift */ = {isa = PBXFileReference; lastKnownFileType = sourcecode.swift; path = News.swift; sourceTree = "<group>"; };
		A7F32B52289D7ADC00EC3034 /* Error.swift */ = {isa = PBXFileReference; lastKnownFileType = sourcecode.swift; path = Error.swift; sourceTree = "<group>"; };
		A7F32B54289D93A200EC3034 /* NewsTableViewCell.swift */ = {isa = PBXFileReference; lastKnownFileType = sourcecode.swift; path = NewsTableViewCell.swift; sourceTree = "<group>"; };
		A7F32B56289DAC4600EC3034 /* HomeTableSectionHeaderView.swift */ = {isa = PBXFileReference; lastKnownFileType = sourcecode.swift; path = HomeTableSectionHeaderView.swift; sourceTree = "<group>"; };
		A7F3A47B289C0EA3000FF16B /* Newsific.app */ = {isa = PBXFileReference; explicitFileType = wrapper.application; includeInIndex = 0; path = Newsific.app; sourceTree = BUILT_PRODUCTS_DIR; };
		A7F3A47E289C0EA3000FF16B /* AppDelegate.swift */ = {isa = PBXFileReference; lastKnownFileType = sourcecode.swift; path = AppDelegate.swift; sourceTree = "<group>"; };
		A7F3A480289C0EA3000FF16B /* SceneDelegate.swift */ = {isa = PBXFileReference; lastKnownFileType = sourcecode.swift; path = SceneDelegate.swift; sourceTree = "<group>"; };
		A7F3A487289C0EA4000FF16B /* Assets.xcassets */ = {isa = PBXFileReference; lastKnownFileType = folder.assetcatalog; path = Assets.xcassets; sourceTree = "<group>"; };
		A7F3A48A289C0EA4000FF16B /* Base */ = {isa = PBXFileReference; lastKnownFileType = file.storyboard; name = Base; path = Base.lproj/LaunchScreen.storyboard; sourceTree = "<group>"; };
		A7F3A48C289C0EA4000FF16B /* Info.plist */ = {isa = PBXFileReference; lastKnownFileType = text.plist.xml; path = Info.plist; sourceTree = "<group>"; };
		A7F3A49B289C0F85000FF16B /* MainTabBarController.swift */ = {isa = PBXFileReference; lastKnownFileType = sourcecode.swift; path = MainTabBarController.swift; sourceTree = "<group>"; };
		A7F3A49E289C1CC8000FF16B /* HomeController.swift */ = {isa = PBXFileReference; lastKnownFileType = sourcecode.swift; path = HomeController.swift; sourceTree = "<group>"; };
		A7F3A4A0289C1CCF000FF16B /* ExploreController.swift */ = {isa = PBXFileReference; lastKnownFileType = sourcecode.swift; path = ExploreController.swift; sourceTree = "<group>"; };
		A7F3A4A2289C1CD7000FF16B /* BookmarkController.swift */ = {isa = PBXFileReference; lastKnownFileType = sourcecode.swift; path = BookmarkController.swift; sourceTree = "<group>"; };
/* End PBXFileReference section */

/* Begin PBXFrameworksBuildPhase section */
		A7F3A478289C0EA3000FF16B /* Frameworks */ = {
			isa = PBXFrameworksBuildPhase;
			buildActionMask = 2147483647;
			files = (
			);
			runOnlyForDeploymentPostprocessing = 0;
		};
/* End PBXFrameworksBuildPhase section */

/* Begin PBXGroup section */
		A7F32B58289DB1F800EC3034 /* HomeTableViewViews */ = {
			isa = PBXGroup;
			children = (
				A7F32B4C289C40FD00EC3034 /* HomeControllerTableViewHeader.swift */,
				A7F32B54289D93A200EC3034 /* NewsTableViewCell.swift */,
			);
			path = HomeTableViewViews;
			sourceTree = "<group>";
		};
		A7F32B59289DB20100EC3034 /* HomeTableHeaderSectionViewViews */ = {
			isa = PBXGroup;
			children = (
				A7F32B56289DAC4600EC3034 /* HomeTableSectionHeaderView.swift */,
				A7A54359289DB7B900DDCC53 /* HomeCollectionViewCell.swift */,
			);
			path = HomeTableHeaderSectionViewViews;
			sourceTree = "<group>";
		};
		A7F3A472289C0EA3000FF16B = {
			isa = PBXGroup;
			children = (
				A7F3A47D289C0EA3000FF16B /* Newsific */,
				A7F3A47C289C0EA3000FF16B /* Products */,
			);
			sourceTree = "<group>";
		};
		A7F3A47C289C0EA3000FF16B /* Products */ = {
			isa = PBXGroup;
			children = (
				A7F3A47B289C0EA3000FF16B /* Newsific.app */,
			);
			name = Products;
			sourceTree = "<group>";
		};
		A7F3A47D289C0EA3000FF16B /* Newsific */ = {
			isa = PBXGroup;
			children = (
				A7F3A48C289C0EA4000FF16B /* Info.plist */,
				A7F3A499289C0F66000FF16B /* Resources */,
				A7F3A498289C0F62000FF16B /* API */,
				A7F3A497289C0F48000FF16B /* Models */,
				A7F3A496289C0F44000FF16B /* Views */,
				A7F3A494289C0F37000FF16B /* Controllers */,
			);
			path = Newsific;
			sourceTree = "<group>";
		};
		A7F3A494289C0F37000FF16B /* Controllers */ = {
			isa = PBXGroup;
			children = (
				A7F3A49D289C0FBE000FF16B /* Main */,
			);
			path = Controllers;
			sourceTree = "<group>";
		};
		A7F3A496289C0F44000FF16B /* Views */ = {
			isa = PBXGroup;
			children = (
				A7F32B59289DB20100EC3034 /* HomeTableHeaderSectionViewViews */,
				A7F32B58289DB1F800EC3034 /* HomeTableViewViews */,
			);
			path = Views;
			sourceTree = "<group>";
		};
		A7F3A497289C0F48000FF16B /* Models */ = {
			isa = PBXGroup;
			children = (
				A7F32B50289D777400EC3034 /* News.swift */,
				A7F32B52289D7ADC00EC3034 /* Error.swift */,
			);
			path = Models;
			sourceTree = "<group>";
		};
		A7F3A498289C0F62000FF16B /* API */ = {
			isa = PBXGroup;
			children = (
				A7F32B4E289D76ED00EC3034 /* APICaller.swift */,
			);
			path = API;
			sourceTree = "<group>";
		};
		A7F3A499289C0F66000FF16B /* Resources */ = {
			isa = PBXGroup;
			children = (
				A7F3A489289C0EA4000FF16B /* LaunchScreen.storyboard */,
				A7F3A47E289C0EA3000FF16B /* AppDelegate.swift */,
				A7F3A480289C0EA3000FF16B /* SceneDelegate.swift */,
				A7F3A487289C0EA4000FF16B /* Assets.xcassets */,
				A7F32B2A289C225900EC3034 /* Anchor.swift */,
			);
			path = Resources;
			sourceTree = "<group>";
		};
		A7F3A49D289C0FBE000FF16B /* Main */ = {
			isa = PBXGroup;
			children = (
				A7F3A49B289C0F85000FF16B /* MainTabBarController.swift */,
				A7F3A49E289C1CC8000FF16B /* HomeController.swift */,
				A7F3A4A0289C1CCF000FF16B /* ExploreController.swift */,
				A7F3A4A2289C1CD7000FF16B /* BookmarkController.swift */,
			);
			path = Main;
			sourceTree = "<group>";
		};
/* End PBXGroup section */

/* Begin PBXNativeTarget section */
		A7F3A47A289C0EA3000FF16B /* Newsific */ = {
			isa = PBXNativeTarget;
			buildConfigurationList = A7F3A48F289C0EA4000FF16B /* Build configuration list for PBXNativeTarget "Newsific" */;
			buildPhases = (
				A7F3A477289C0EA3000FF16B /* Sources */,
				A7F3A478289C0EA3000FF16B /* Frameworks */,
				A7F3A479289C0EA3000FF16B /* Resources */,
			);
			buildRules = (
			);
			dependencies = (
			);
			name = Newsific;
			productName = Newsific;
			productReference = A7F3A47B289C0EA3000FF16B /* Newsific.app */;
			productType = "com.apple.product-type.application";
		};
/* End PBXNativeTarget section */

/* Begin PBXProject section */
		A7F3A473289C0EA3000FF16B /* Project object */ = {
			isa = PBXProject;
			attributes = {
				BuildIndependentTargetsInParallel = 1;
				LastSwiftUpdateCheck = 1340;
				LastUpgradeCheck = 1340;
				TargetAttributes = {
					A7F3A47A289C0EA3000FF16B = {
						CreatedOnToolsVersion = 13.4.1;
					};
				};
			};
			buildConfigurationList = A7F3A476289C0EA3000FF16B /* Build configuration list for PBXProject "Newsific" */;
			compatibilityVersion = "Xcode 13.0";
			developmentRegion = en;
			hasScannedForEncodings = 0;
			knownRegions = (
				en,
				Base,
			);
			mainGroup = A7F3A472289C0EA3000FF16B;
			productRefGroup = A7F3A47C289C0EA3000FF16B /* Products */;
			projectDirPath = "";
			projectRoot = "";
			targets = (
				A7F3A47A289C0EA3000FF16B /* Newsific */,
			);
		};
/* End PBXProject section */

/* Begin PBXResourcesBuildPhase section */
		A7F3A479289C0EA3000FF16B /* Resources */ = {
			isa = PBXResourcesBuildPhase;
			buildActionMask = 2147483647;
			files = (
				A7F3A48B289C0EA4000FF16B /* LaunchScreen.storyboard in Resources */,
				A7F3A488289C0EA4000FF16B /* Assets.xcassets in Resources */,
			);
			runOnlyForDeploymentPostprocessing = 0;
		};
/* End PBXResourcesBuildPhase section */

/* Begin PBXSourcesBuildPhase section */
		A7F3A477289C0EA3000FF16B /* Sources */ = {
			isa = PBXSourcesBuildPhase;
			buildActionMask = 2147483647;
			files = (
				A7F3A49F289C1CC8000FF16B /* HomeController.swift in Sources */,
				A7F32B2B289C225900EC3034 /* Anchor.swift in Sources */,
				A7F32B55289D93A200EC3034 /* NewsTableViewCell.swift in Sources */,
				A7F3A4A1289C1CCF000FF16B /* ExploreController.swift in Sources */,
				A7F32B53289D7ADC00EC3034 /* Error.swift in Sources */,
				A7F3A47F289C0EA3000FF16B /* AppDelegate.swift in Sources */,
				A7F32B4F289D76ED00EC3034 /* APICaller.swift in Sources */,
				A7A5435A289DB7B900DDCC53 /* HomeCollectionViewCell.swift in Sources */,
				A7F3A481289C0EA3000FF16B /* SceneDelegate.swift in Sources */,
				A7F3A49C289C0F85000FF16B /* MainTabBarController.swift in Sources */,
				A7F3A4A3289C1CD7000FF16B /* BookmarkController.swift in Sources */,
				A7F32B51289D777400EC3034 /* News.swift in Sources */,
				A7F32B4D289C40FD00EC3034 /* HomeControllerTableViewHeader.swift in Sources */,
				A7F32B57289DAC4600EC3034 /* HomeTableSectionHeaderView.swift in Sources */,
			);
			runOnlyForDeploymentPostprocessing = 0;
		};
/* End PBXSourcesBuildPhase section */

/* Begin PBXVariantGroup section */
		A7F3A489289C0EA4000FF16B /* LaunchScreen.storyboard */ = {
			isa = PBXVariantGroup;
			children = (
				A7F3A48A289C0EA4000FF16B /* Base */,
			);
			name = LaunchScreen.storyboard;
			sourceTree = "<group>";
		};
/* End PBXVariantGroup section */

/* Begin XCBuildConfiguration section */
		A7F3A48D289C0EA4000FF16B /* Debug */ = {
			isa = XCBuildConfiguration;
			buildSettings = {
				ALWAYS_SEARCH_USER_PATHS = NO;
				CLANG_ANALYZER_NONNULL = YES;
				CLANG_ANALYZER_NUMBER_OBJECT_CONVERSION = YES_AGGRESSIVE;
				CLANG_CXX_LANGUAGE_STANDARD = "gnu++17";
				CLANG_ENABLE_MODULES = YES;
				CLANG_ENABLE_OBJC_ARC = YES;
				CLANG_ENABLE_OBJC_WEAK = YES;
				CLANG_WARN_BLOCK_CAPTURE_AUTORELEASING = YES;
				CLANG_WARN_BOOL_CONVERSION = YES;
				CLANG_WARN_COMMA = YES;
				CLANG_WARN_CONSTANT_CONVERSION = YES;
				CLANG_WARN_DEPRECATED_OBJC_IMPLEMENTATIONS = YES;
				CLANG_WARN_DIRECT_OBJC_ISA_USAGE = YES_ERROR;
				CLANG_WARN_DOCUMENTATION_COMMENTS = YES;
				CLANG_WARN_EMPTY_BODY = YES;
				CLANG_WARN_ENUM_CONVERSION = YES;
				CLANG_WARN_INFINITE_RECURSION = YES;
				CLANG_WARN_INT_CONVERSION = YES;
				CLANG_WARN_NON_LITERAL_NULL_CONVERSION = YES;
				CLANG_WARN_OBJC_IMPLICIT_RETAIN_SELF = YES;
				CLANG_WARN_OBJC_LITERAL_CONVERSION = YES;
				CLANG_WARN_OBJC_ROOT_CLASS = YES_ERROR;
				CLANG_WARN_QUOTED_INCLUDE_IN_FRAMEWORK_HEADER = YES;
				CLANG_WARN_RANGE_LOOP_ANALYSIS = YES;
				CLANG_WARN_STRICT_PROTOTYPES = YES;
				CLANG_WARN_SUSPICIOUS_MOVE = YES;
				CLANG_WARN_UNGUARDED_AVAILABILITY = YES_AGGRESSIVE;
				CLANG_WARN_UNREACHABLE_CODE = YES;
				CLANG_WARN__DUPLICATE_METHOD_MATCH = YES;
				COPY_PHASE_STRIP = NO;
				DEBUG_INFORMATION_FORMAT = dwarf;
				ENABLE_STRICT_OBJC_MSGSEND = YES;
				ENABLE_TESTABILITY = YES;
				GCC_C_LANGUAGE_STANDARD = gnu11;
				GCC_DYNAMIC_NO_PIC = NO;
				GCC_NO_COMMON_BLOCKS = YES;
				GCC_OPTIMIZATION_LEVEL = 0;
				GCC_PREPROCESSOR_DEFINITIONS = (
					"DEBUG=1",
					"$(inherited)",
				);
				GCC_WARN_64_TO_32_BIT_CONVERSION = YES;
				GCC_WARN_ABOUT_RETURN_TYPE = YES_ERROR;
				GCC_WARN_UNDECLARED_SELECTOR = YES;
				GCC_WARN_UNINITIALIZED_AUTOS = YES_AGGRESSIVE;
				GCC_WARN_UNUSED_FUNCTION = YES;
				GCC_WARN_UNUSED_VARIABLE = YES;
				IPHONEOS_DEPLOYMENT_TARGET = 15.5;
				MTL_ENABLE_DEBUG_INFO = INCLUDE_SOURCE;
				MTL_FAST_MATH = YES;
				ONLY_ACTIVE_ARCH = YES;
				SDKROOT = iphoneos;
				SWIFT_ACTIVE_COMPILATION_CONDITIONS = DEBUG;
				SWIFT_OPTIMIZATION_LEVEL = "-Onone";
			};
			name = Debug;
		};
		A7F3A48E289C0EA4000FF16B /* Release */ = {
			isa = XCBuildConfiguration;
			buildSettings = {
				ALWAYS_SEARCH_USER_PATHS = NO;
				CLANG_ANALYZER_NONNULL = YES;
				CLANG_ANALYZER_NUMBER_OBJECT_CONVERSION = YES_AGGRESSIVE;
				CLANG_CXX_LANGUAGE_STANDARD = "gnu++17";
				CLANG_ENABLE_MODULES = YES;
				CLANG_ENABLE_OBJC_ARC = YES;
				CLANG_ENABLE_OBJC_WEAK = YES;
				CLANG_WARN_BLOCK_CAPTURE_AUTORELEASING = YES;
				CLANG_WARN_BOOL_CONVERSION = YES;
				CLANG_WARN_COMMA = YES;
				CLANG_WARN_CONSTANT_CONVERSION = YES;
				CLANG_WARN_DEPRECATED_OBJC_IMPLEMENTATIONS = YES;
				CLANG_WARN_DIRECT_OBJC_ISA_USAGE = YES_ERROR;
				CLANG_WARN_DOCUMENTATION_COMMENTS = YES;
				CLANG_WARN_EMPTY_BODY = YES;
				CLANG_WARN_ENUM_CONVERSION = YES;
				CLANG_WARN_INFINITE_RECURSION = YES;
				CLANG_WARN_INT_CONVERSION = YES;
				CLANG_WARN_NON_LITERAL_NULL_CONVERSION = YES;
				CLANG_WARN_OBJC_IMPLICIT_RETAIN_SELF = YES;
				CLANG_WARN_OBJC_LITERAL_CONVERSION = YES;
				CLANG_WARN_OBJC_ROOT_CLASS = YES_ERROR;
				CLANG_WARN_QUOTED_INCLUDE_IN_FRAMEWORK_HEADER = YES;
				CLANG_WARN_RANGE_LOOP_ANALYSIS = YES;
				CLANG_WARN_STRICT_PROTOTYPES = YES;
				CLANG_WARN_SUSPICIOUS_MOVE = YES;
				CLANG_WARN_UNGUARDED_AVAILABILITY = YES_AGGRESSIVE;
				CLANG_WARN_UNREACHABLE_CODE = YES;
				CLANG_WARN__DUPLICATE_METHOD_MATCH = YES;
				COPY_PHASE_STRIP = NO;
				DEBUG_INFORMATION_FORMAT = "dwarf-with-dsym";
				ENABLE_NS_ASSERTIONS = NO;
				ENABLE_STRICT_OBJC_MSGSEND = YES;
				GCC_C_LANGUAGE_STANDARD = gnu11;
				GCC_NO_COMMON_BLOCKS = YES;
				GCC_WARN_64_TO_32_BIT_CONVERSION = YES;
				GCC_WARN_ABOUT_RETURN_TYPE = YES_ERROR;
				GCC_WARN_UNDECLARED_SELECTOR = YES;
				GCC_WARN_UNINITIALIZED_AUTOS = YES_AGGRESSIVE;
				GCC_WARN_UNUSED_FUNCTION = YES;
				GCC_WARN_UNUSED_VARIABLE = YES;
				IPHONEOS_DEPLOYMENT_TARGET = 15.5;
				MTL_ENABLE_DEBUG_INFO = NO;
				MTL_FAST_MATH = YES;
				SDKROOT = iphoneos;
				SWIFT_COMPILATION_MODE = wholemodule;
				SWIFT_OPTIMIZATION_LEVEL = "-O";
				VALIDATE_PRODUCT = YES;
			};
			name = Release;
		};
		A7F3A490289C0EA4000FF16B /* Debug */ = {
			isa = XCBuildConfiguration;
			buildSettings = {
				ASSETCATALOG_COMPILER_APPICON_NAME = AppIcon;
				ASSETCATALOG_COMPILER_GLOBAL_ACCENT_COLOR_NAME = AccentColor;
				CODE_SIGN_STYLE = Automatic;
				CURRENT_PROJECT_VERSION = 1;
				DEVELOPMENT_TEAM = 2V54FBNXT7;
				GENERATE_INFOPLIST_FILE = YES;
				INFOPLIST_FILE = Newsific/Info.plist;
				INFOPLIST_KEY_UIApplicationSupportsIndirectInputEvents = YES;
				INFOPLIST_KEY_UILaunchStoryboardName = LaunchScreen;
				INFOPLIST_KEY_UISupportedInterfaceOrientations_iPad = "UIInterfaceOrientationPortrait UIInterfaceOrientationPortraitUpsideDown UIInterfaceOrientationLandscapeLeft UIInterfaceOrientationLandscapeRight";
				INFOPLIST_KEY_UISupportedInterfaceOrientations_iPhone = "UIInterfaceOrientationPortrait UIInterfaceOrientationLandscapeLeft UIInterfaceOrientationLandscapeRight";
				LD_RUNPATH_SEARCH_PATHS = (
					"$(inherited)",
					"@executable_path/Frameworks",
				);
				MARKETING_VERSION = 1.0;
				PRODUCT_BUNDLE_IDENTIFIER = juhaszistvan.Newsific;
				PRODUCT_NAME = "$(TARGET_NAME)";
				SWIFT_EMIT_LOC_STRINGS = YES;
				SWIFT_VERSION = 5.0;
				TARGETED_DEVICE_FAMILY = "1,2";
			};
			name = Debug;
		};
		A7F3A491289C0EA4000FF16B /* Release */ = {
			isa = XCBuildConfiguration;
			buildSettings = {
				ASSETCATALOG_COMPILER_APPICON_NAME = AppIcon;
				ASSETCATALOG_COMPILER_GLOBAL_ACCENT_COLOR_NAME = AccentColor;
				CODE_SIGN_STYLE = Automatic;
				CURRENT_PROJECT_VERSION = 1;
				DEVELOPMENT_TEAM = 2V54FBNXT7;
				GENERATE_INFOPLIST_FILE = YES;
				INFOPLIST_FILE = Newsific/Info.plist;
				INFOPLIST_KEY_UIApplicationSupportsIndirectInputEvents = YES;
				INFOPLIST_KEY_UILaunchStoryboardName = LaunchScreen;
				INFOPLIST_KEY_UISupportedInterfaceOrientations_iPad = "UIInterfaceOrientationPortrait UIInterfaceOrientationPortraitUpsideDown UIInterfaceOrientationLandscapeLeft UIInterfaceOrientationLandscapeRight";
				INFOPLIST_KEY_UISupportedInterfaceOrientations_iPhone = "UIInterfaceOrientationPortrait UIInterfaceOrientationLandscapeLeft UIInterfaceOrientationLandscapeRight";
				LD_RUNPATH_SEARCH_PATHS = (
					"$(inherited)",
					"@executable_path/Frameworks",
				);
				MARKETING_VERSION = 1.0;
				PRODUCT_BUNDLE_IDENTIFIER = juhaszistvan.Newsific;
				PRODUCT_NAME = "$(TARGET_NAME)";
				SWIFT_EMIT_LOC_STRINGS = YES;
				SWIFT_VERSION = 5.0;
				TARGETED_DEVICE_FAMILY = "1,2";
			};
			name = Release;
		};
/* End XCBuildConfiguration section */

/* Begin XCConfigurationList section */
		A7F3A476289C0EA3000FF16B /* Build configuration list for PBXProject "Newsific" */ = {
			isa = XCConfigurationList;
			buildConfigurations = (
				A7F3A48D289C0EA4000FF16B /* Debug */,
				A7F3A48E289C0EA4000FF16B /* Release */,
			);
			defaultConfigurationIsVisible = 0;
			defaultConfigurationName = Release;
		};
		A7F3A48F289C0EA4000FF16B /* Build configuration list for PBXNativeTarget "Newsific" */ = {
			isa = XCConfigurationList;
			buildConfigurations = (
				A7F3A490289C0EA4000FF16B /* Debug */,
				A7F3A491289C0EA4000FF16B /* Release */,
			);
			defaultConfigurationIsVisible = 0;
			defaultConfigurationName = Release;
		};
/* End XCConfigurationList section */
	};
	rootObject = A7F3A473289C0EA3000FF16B /* Project object */;
}
